// !$*UTF8*$!
{
	archiveVersion = 1;
	classes = {
	};
	objectVersion = 56;
	objects = {

/* Begin PBXBuildFile section */
		262241DB7520F9386274531C /* ContentView.swift in Sources */ = {isa = PBXBuildFile; fileRef = AEE2621B30CC7B22B7D5E1E7 /* ContentView.swift */; };
		2D2922A031853EEB1AE95F0C /* NearDropApp.swift in Sources */ = {isa = PBXBuildFile; fileRef = 506339EFBD52E2F4D0B944F0 /* NearDropApp.swift */; };
		C877B846562A0CB121EEA8DD /* NearDropViewModel.swift in Sources */ = {isa = PBXBuildFile; fileRef = D8F86085A7F647E3744607F1 /* NearDropViewModel.swift */; };
		C428D3094B18C1E31DEA1D1B /* Data+Extensions.swift in Sources */ = {isa = PBXBuildFile; fileRef = 133DA524DA2B6F3D599C11CF /* Data+Extensions.swift */; };
		259A1AF192044FF9767BC1F1 /* InboundNearbyConnection.swift in Sources */ = {isa = PBXBuildFile; fileRef = 3D0B453F232BC27CA0E4ACCD /* InboundNearbyConnection.swift */; };
		7F22A8F2A325C9AFE5CE804C /* NearbyConnection.swift in Sources */ = {isa = PBXBuildFile; fileRef = 3221E20D352CE2377619B0E0 /* NearbyConnection.swift */; };
		FC42CB906180494A4CD70C08 /* NearbyConnectionManager.swift in Sources */ = {isa = PBXBuildFile; fileRef = BC5A924B7C275BC55A193CCC /* NearbyConnectionManager.swift */; };
		CED45B9BCD8275FB6B703400 /* OutboundNearbyConnection.swift in Sources */ = {isa = PBXBuildFile; fileRef = 15609307967A25E125B0EDAA /* OutboundNearbyConnection.swift */; };
		9C5B41891CB7D48A9ABC3008 /* SymmetricKey+Extensions.swift in Sources */ = {isa = PBXBuildFile; fileRef = 9094A0DB118B9FDBFE103F66 /* SymmetricKey+Extensions.swift */; };
		E75C4B641D0A66046EBF7BB6 /* device_to_device_messages.pb.swift in Sources */ = {isa = PBXBuildFile; fileRef = F8B251DA7308A1C9FE028999 /* device_to_device_messages.pb.swift */; };
		6724B7A23AC56477A7BAB367 /* offline_wire_formats.pb.swift in Sources */ = {isa = PBXBuildFile; fileRef = 28418BFFE8E7FECBF0332849 /* offline_wire_formats.pb.swift */; };
		055982A63C632686D3C23F96 /* securegcm.pb.swift in Sources */ = {isa = PBXBuildFile; fileRef = BAC9FEAA844284FC73F2B23E /* securegcm.pb.swift */; };
		895D3DD10D1F446EC6DA3E44 /* securemessage.pb.swift in Sources */ = {isa = PBXBuildFile; fileRef = AAE8539F716E0CEFCE549328 /* securemessage.pb.swift */; };
		492C2007C1EF772F14E7B7FC /* sharing_enums.pb.swift in Sources */ = {isa = PBXBuildFile; fileRef = 2E0B0D50B551C1825B179C49 /* sharing_enums.pb.swift */; };
		46FD9DB4C0D6CBFD8A332089 /* ukey.pb.swift in Sources */ = {isa = PBXBuildFile; fileRef = DD7E11159F56599DC738A288 /* ukey.pb.swift */; };
		00A5D6C18F1E381EC8579CE1 /* wire_format.pb.swift in Sources */ = {isa = PBXBuildFile; fileRef = C5B7A87D2A695978AE0BECA2 /* wire_format.pb.swift */; };
		7C52592CFB298BEFDC580235 /* Assets.xcassets in Resources */ = {isa = PBXBuildFile; fileRef = 86DB401A1FF26505D9025321 /* Assets.xcassets */; };
		2CCB24A19F931A995B1B9CC0 /* SwiftProtobuf in Frameworks */ = {isa = PBXBuildFile; productRef = E1BE062D49EBB6B58F60597B /* SwiftProtobuf */; };
		A361993552B1DD9342A1D519 /* SwiftECC in Frameworks */ = {isa = PBXBuildFile; productRef = FBDB9EC5A84F4DE76387B2C9 /* SwiftECC */; };
/* End PBXBuildFile section */

/* Begin PBXFileReference section */
		AEE2621B30CC7B22B7D5E1E7 /* ContentView.swift */ = {isa = PBXFileReference; lastKnownFileType = sourcecode.swift; path = "ContentView.swift"; sourceTree = "<group>"; };
		506339EFBD52E2F4D0B944F0 /* NearDropApp.swift */ = {isa = PBXFileReference; lastKnownFileType = sourcecode.swift; path = "NearDropApp.swift"; sourceTree = "<group>"; };
		D8F86085A7F647E3744607F1 /* NearDropViewModel.swift */ = {isa = PBXFileReference; lastKnownFileType = sourcecode.swift; path = "NearDropViewModel.swift"; sourceTree = "<group>"; };
		133DA524DA2B6F3D599C11CF /* Data+Extensions.swift */ = {isa = PBXFileReference; lastKnownFileType = sourcecode.swift; path = "NearbyShare/Data+Extensions.swift"; sourceTree = "<group>"; };
		3D0B453F232BC27CA0E4ACCD /* InboundNearbyConnection.swift */ = {isa = PBXFileReference; lastKnownFileType = sourcecode.swift; path = "NearbyShare/InboundNearbyConnection.swift"; sourceTree = "<group>"; };
		3221E20D352CE2377619B0E0 /* NearbyConnection.swift */ = {isa = PBXFileReference; lastKnownFileType = sourcecode.swift; path = "NearbyShare/NearbyConnection.swift"; sourceTree = "<group>"; };
		BC5A924B7C275BC55A193CCC /* NearbyConnectionManager.swift */ = {isa = PBXFileReference; lastKnownFileType = sourcecode.swift; path = "NearbyShare/NearbyConnectionManager.swift"; sourceTree = "<group>"; };
		15609307967A25E125B0EDAA /* OutboundNearbyConnection.swift */ = {isa = PBXFileReference; lastKnownFileType = sourcecode.swift; path = "NearbyShare/OutboundNearbyConnection.swift"; sourceTree = "<group>"; };
		9094A0DB118B9FDBFE103F66 /* SymmetricKey+Extensions.swift */ = {isa = PBXFileReference; lastKnownFileType = sourcecode.swift; path = "NearbyShare/SymmetricKey+Extensions.swift"; sourceTree = "<group>"; };
		F8B251DA7308A1C9FE028999 /* device_to_device_messages.pb.swift */ = {isa = PBXFileReference; lastKnownFileType = sourcecode.swift; path = "NearbyShare/Protobuf/device_to_device_messages.pb.swift"; sourceTree = "<group>"; };
		28418BFFE8E7FECBF0332849 /* offline_wire_formats.pb.swift */ = {isa = PBXFileReference; lastKnownFileType = sourcecode.swift; path = "NearbyShare/Protobuf/offline_wire_formats.pb.swift"; sourceTree = "<group>"; };
		BAC9FEAA844284FC73F2B23E /* securegcm.pb.swift */ = {isa = PBXFileReference; lastKnownFileType = sourcecode.swift; path = "NearbyShare/Protobuf/securegcm.pb.swift"; sourceTree = "<group>"; };
		AAE8539F716E0CEFCE549328 /* securemessage.pb.swift */ = {isa = PBXFileReference; lastKnownFileType = sourcecode.swift; path = "NearbyShare/Protobuf/securemessage.pb.swift"; sourceTree = "<group>"; };
		2E0B0D50B551C1825B179C49 /* sharing_enums.pb.swift */ = {isa = PBXFileReference; lastKnownFileType = sourcecode.swift; path = "NearbyShare/Protobuf/sharing_enums.pb.swift"; sourceTree = "<group>"; };
		DD7E11159F56599DC738A288 /* ukey.pb.swift */ = {isa = PBXFileReference; lastKnownFileType = sourcecode.swift; path = "NearbyShare/Protobuf/ukey.pb.swift"; sourceTree = "<group>"; };
		C5B7A87D2A695978AE0BECA2 /* wire_format.pb.swift */ = {isa = PBXFileReference; lastKnownFileType = sourcecode.swift; path = "NearbyShare/Protobuf/wire_format.pb.swift"; sourceTree = "<group>"; };
		86DB401A1FF26505D9025321 /* Assets.xcassets */ = {isa = PBXFileReference; lastKnownFileType = folder.assetcatalog; path = Assets.xcassets; sourceTree = "<group>"; };
		3AACD762DC22D4FFC888F92C /* Info.plist */ = {isa = PBXFileReference; lastKnownFileType = text.plist.xml; path = Info.plist; sourceTree = "<group>"; };
		0C282177D29AF384F2F72524 /* NearDrop.app */ = {isa = PBXFileReference; explicitFileType = wrapper.application; includeInIndex = 0; path = NearDrop.app; sourceTree = BUILT_PRODUCTS_DIR; };
/* End PBXFileReference section */

/* Begin PBXFrameworksBuildPhase section */
		424153ED3CD079DB4DB459AF /* Frameworks */ = {
			isa = PBXFrameworksBuildPhase;
			buildActionMask = 2147483647;
			files = (
				2CCB24A19F931A995B1B9CC0 /* SwiftProtobuf in Frameworks */,
				A361993552B1DD9342A1D519 /* SwiftECC in Frameworks */,
			);
			runOnlyForDeploymentPostprocessing = 0;
		};
/* End PBXFrameworksBuildPhase section */

/* Begin PBXGroup section */
		518DA81DB9B99529C0C0AEBE = {
			isa = PBXGroup;
			children = (
				1129B6A53940C88B539F2B2B /* NearDrop */,
				547D009064F7C3F13BEF3460 /* Products */,
			);
			sourceTree = "<group>";
		};
		547D009064F7C3F13BEF3460 = {
			isa = PBXGroup;
			children = (
				0C282177D29AF384F2F72524 /* NearDrop.app */,
			);
			name = Products;
			sourceTree = "<group>";
		};
		1129B6A53940C88B539F2B2B = {
			isa = PBXGroup;
			children = (
				3AACD762DC22D4FFC888F92C /* Info.plist */,
				AEE2621B30CC7B22B7D5E1E7 /* ContentView.swift */,
				506339EFBD52E2F4D0B944F0 /* NearDropApp.swift */,
				D8F86085A7F647E3744607F1 /* NearDropViewModel.swift */,
				133DA524DA2B6F3D599C11CF /* Data+Extensions.swift */,
				3D0B453F232BC27CA0E4ACCD /* InboundNearbyConnection.swift */,
				3221E20D352CE2377619B0E0 /* NearbyConnection.swift */,
				BC5A924B7C275BC55A193CCC /* NearbyConnectionManager.swift */,
				15609307967A25E125B0EDAA /* OutboundNearbyConnection.swift */,
				9094A0DB118B9FDBFE103F66 /* SymmetricKey+Extensions.swift */,
				F8B251DA7308A1C9FE028999 /* device_to_device_messages.pb.swift */,
				28418BFFE8E7FECBF0332849 /* offline_wire_formats.pb.swift */,
				BAC9FEAA844284FC73F2B23E /* securegcm.pb.swift */,
				AAE8539F716E0CEFCE549328 /* securemessage.pb.swift */,
				2E0B0D50B551C1825B179C49 /* sharing_enums.pb.swift */,
				DD7E11159F56599DC738A288 /* ukey.pb.swift */,
				C5B7A87D2A695978AE0BECA2 /* wire_format.pb.swift */,
				86DB401A1FF26505D9025321 /* Assets.xcassets */,
			);
			path = NearDrop/NearDrop;
			sourceTree = "<group>";
		};
/* End PBXGroup section */

/* Begin PBXNativeTarget section */
		4F9F2229FD4DF231C2715978 /* NearDrop */ = {
			isa = PBXNativeTarget;
			buildConfigurationList = D9DFD7DBAC89D25E4B2CAE9F /* Build configuration list for PBXNativeTarget "NearDrop" */;
			buildPhases = (
				7A70D71C385290AF96BF1031 /* Sources */,
				424153ED3CD079DB4DB459AF /* Frameworks */,
				285BB1C1430063331E9F5DD0 /* Resources */,
			);
			buildRules = (
			);
			dependencies = (
			);
			name = NearDrop;
			packageProductDependencies = (
				E1BE062D49EBB6B58F60597B /* SwiftProtobuf */,
				FBDB9EC5A84F4DE76387B2C9 /* SwiftECC */,
			);
			productName = NearDrop;
			productReference = 0C282177D29AF384F2F72524 /* NearDrop.app */;
			productType = "com.apple.product-type.application";
		};
/* End PBXNativeTarget section */

/* Begin PBXProject section */
		3875FCA3B3A455B74C8BB869 /* Project object */ = {
			isa = PBXProject;
			attributes = {
				BuildIndependentTargetsInParallel = 1;
				LastSwiftUpdateCheck = 1500;
				LastUpgradeCheck = 1620;
			};
			buildConfigurationList = B2EA91D03AD1C6A649B4E62A /* Build configuration list for PBXProject "NearDrop" */;
			compatibilityVersion = "Xcode 14.0";
			developmentRegion = en;
			hasScannedForEncodings = 0;
			knownRegions = (
				en,
				Base,
			);
			mainGroup = 518DA81DB9B99529C0C0AEBE;
			packageReferences = (
				0CE631FF24CBDB32D114EA42 /* XCRemoteSwiftPackageReference "swift-protobuf" */,
				13BCD55D678D7C52A493E6A1 /* XCRemoteSwiftPackageReference "SwiftECC" */,
			);
			productRefGroup = 547D009064F7C3F13BEF3460 /* Products */;
			projectDirPath = "";
			projectRoot = "";
			targets = (
				4F9F2229FD4DF231C2715978 /* NearDrop */,
			);
		};
/* End PBXProject section */

/* Begin PBXResourcesBuildPhase section */
		285BB1C1430063331E9F5DD0 /* Resources */ = {
			isa = PBXResourcesBuildPhase;
			buildActionMask = 2147483647;
			files = (
				7C52592CFB298BEFDC580235 /* Assets.xcassets in Resources */,
			);
			runOnlyForDeploymentPostprocessing = 0;
		};
/* End PBXResourcesBuildPhase section */

/* Begin PBXSourcesBuildPhase section */
		7A70D71C385290AF96BF1031 /* Sources */ = {
			isa = PBXSourcesBuildPhase;
			buildActionMask = 2147483647;
			files = (
				262241DB7520F9386274531C /* ContentView.swift in Sources */,
				2D2922A031853EEB1AE95F0C /* NearDropApp.swift in Sources */,
				C877B846562A0CB121EEA8DD /* NearDropViewModel.swift in Sources */,
				C428D3094B18C1E31DEA1D1B /* Data+Extensions.swift in Sources */,
				259A1AF192044FF9767BC1F1 /* InboundNearbyConnection.swift in Sources */,
				7F22A8F2A325C9AFE5CE804C /* NearbyConnection.swift in Sources */,
				FC42CB906180494A4CD70C08 /* NearbyConnectionManager.swift in Sources */,
				CED45B9BCD8275FB6B703400 /* OutboundNearbyConnection.swift in Sources */,
				9C5B41891CB7D48A9ABC3008 /* SymmetricKey+Extensions.swift in Sources */,
				E75C4B641D0A66046EBF7BB6 /* device_to_device_messages.pb.swift in Sources */,
				6724B7A23AC56477A7BAB367 /* offline_wire_formats.pb.swift in Sources */,
				055982A63C632686D3C23F96 /* securegcm.pb.swift in Sources */,
				895D3DD10D1F446EC6DA3E44 /* securemessage.pb.swift in Sources */,
				492C2007C1EF772F14E7B7FC /* sharing_enums.pb.swift in Sources */,
				46FD9DB4C0D6CBFD8A332089 /* ukey.pb.swift in Sources */,
				00A5D6C18F1E381EC8579CE1 /* wire_format.pb.swift in Sources */,
			);
			runOnlyForDeploymentPostprocessing = 0;
		};
/* End PBXSourcesBuildPhase section */

/* Begin XCBuildConfiguration section */
		E6178B066263F09B11493064 /* Debug */ = {
			isa = XCBuildConfiguration;
			buildSettings = {
				ALWAYS_SEARCH_USER_PATHS = NO;
				ASSETCATALOG_COMPILER_GENERATE_SWIFT_ASSET_SYMBOL_EXTENSIONS = YES;
				CLANG_ANALYZER_NONNULL = YES;
				CLANG_CXX_LANGUAGE_STANDARD = "gnu++20";
				CLANG_ENABLE_MODULES = YES;
				CLANG_ENABLE_OBJC_ARC = YES;
				COPY_PHASE_STRIP = NO;
				DEBUG_INFORMATION_FORMAT = dwarf;
				ENABLE_STRICT_OBJC_MSGSEND = YES;
				ENABLE_TESTABILITY = YES;
				GCC_DYNAMIC_NO_PIC = NO;
				GCC_NO_COMMON_BLOCKS = YES;
				GCC_OPTIMIZATION_LEVEL = 0;
				GCC_PREPROCESSOR_DEFINITIONS = (
					"DEBUG=1",
					"$(inherited)",
				);
				IPHONEOS_DEPLOYMENT_TARGET = 17.0;
				LOCALIZATION_PREFERS_STRING_CATALOGS = YES;
				MTL_ENABLE_DEBUG_INFO = INCLUDE_SOURCE;
				ONLY_ACTIVE_ARCH = YES;
				SDKROOT = iphoneos;
				SWIFT_ACTIVE_COMPILATION_CONDITIONS = "DEBUG $(inherited)";
				SWIFT_OPTIMIZATION_LEVEL = "-Onone";
			};
			name = Debug;
		};
		ABEC029BF262CCD804B9BF2F /* Release */ = {
			isa = XCBuildConfiguration;
			buildSettings = {
				ALWAYS_SEARCH_USER_PATHS = NO;
				ASSETCATALOG_COMPILER_GENERATE_SWIFT_ASSET_SYMBOL_EXTENSIONS = YES;
				CLANG_ANALYZER_NONNULL = YES;
				CLANG_CXX_LANGUAGE_STANDARD = "gnu++20";
				CLANG_ENABLE_MODULES = YES;
				CLANG_ENABLE_OBJC_ARC = YES;
				COPY_PHASE_STRIP = NO;
				DEBUG_INFORMATION_FORMAT = "dwarf-with-dsym";
				ENABLE_NS_ASSERTIONS = NO;
				ENABLE_STRICT_OBJC_MSGSEND = YES;
				IPHONEOS_DEPLOYMENT_TARGET = 17.0;
				LOCALIZATION_PREFERS_STRING_CATALOGS = YES;
				MTL_ENABLE_DEBUG_INFO = NO;
				SDKROOT = iphoneos;
				SWIFT_COMPILATION_MODE = wholemodule;
				VALIDATE_PRODUCT = YES;
			};
			name = Release;
		};
		A42EC390825805C572555766 /* Debug */ = {
			isa = XCBuildConfiguration;
			buildSettings = {
				ASSETCATALOG_COMPILER_APPICON_NAME = AppIcon;
				ASSETCATALOG_COMPILER_GLOBAL_ACCENT_COLOR_NAME = AccentColor;
				CODE_SIGN_STYLE = Automatic;
				CURRENT_PROJECT_VERSION = 1;
				ENABLE_PREVIEWS = YES;
				GENERATE_INFOPLIST_FILE = NO;
				INFOPLIST_FILE = NearDrop/NearDrop/Info.plist;
				INFOPLIST_KEY_UIApplicationSceneManifest_Generation = YES;
				INFOPLIST_KEY_UIApplicationSupportsIndirectInputEvents = YES;
				INFOPLIST_KEY_UILaunchScreen_Generation = YES;
				INFOPLIST_KEY_UISupportedInterfaceOrientations = "UIInterfaceOrientationPortrait UIInterfaceOrientationLandscapeLeft UIInterfaceOrientationLandscapeRight";
				LD_RUNPATH_SEARCH_PATHS = (
					"$(inherited)",
					"@executable_path/Frameworks",
				);
				MARKETING_VERSION = 1.0;
				PRODUCT_BUNDLE_IDENTIFIER = com.neardrop.app;
				PRODUCT_NAME = "$(TARGET_NAME)";
				SUPPORTED_PLATFORMS = "iphoneos iphonesimulator";
				SUPPORTS_MACCATALYST = NO;
				SWIFT_EMIT_LOC_STRINGS = YES;
				SWIFT_VERSION = 5.0;
				TARGETED_DEVICE_FAMILY = "1,2";
			};
			name = Debug;
		};
		7EBBE04C0C4111FDA48CD811 /* Release */ = {
			isa = XCBuildConfiguration;
			buildSettings = {
				ASSETCATALOG_COMPILER_APPICON_NAME = AppIcon;
				ASSETCATALOG_COMPILER_GLOBAL_ACCENT_COLOR_NAME = AccentColor;
				CODE_SIGN_STYLE = Automatic;
				CURRENT_PROJECT_VERSION = 1;
				ENABLE_PREVIEWS = YES;
				GENERATE_INFOPLIST_FILE = NO;
				INFOPLIST_FILE = NearDrop/NearDrop/Info.plist;
				INFOPLIST_KEY_UIApplicationSceneManifest_Generation = YES;
				INFOPLIST_KEY_UIApplicationSupportsIndirectInputEvents = YES;
				INFOPLIST_KEY_UILaunchScreen_Generation = YES;
				INFOPLIST_KEY_UISupportedInterfaceOrientations = "UIInterfaceOrientationPortrait UIInterfaceOrientationLandscapeLeft UIInterfaceOrientationLandscapeRight";
				LD_RUNPATH_SEARCH_PATHS = (
					"$(inherited)",
					"@executable_path/Frameworks",
				);
				MARKETING_VERSION = 1.0;
				PRODUCT_BUNDLE_IDENTIFIER = com.neardrop.app;
				PRODUCT_NAME = "$(TARGET_NAME)";
				SUPPORTED_PLATFORMS = "iphoneos iphonesimulator";
				SUPPORTS_MACCATALYST = NO;
				SWIFT_EMIT_LOC_STRINGS = YES;
				SWIFT_VERSION = 5.0;
				TARGETED_DEVICE_FAMILY = "1,2";
			};
			name = Release;
		};
/* End XCBuildConfiguration section */

/* Begin XCConfigurationList section */
		D9DFD7DBAC89D25E4B2CAE9F /* Build configuration list for PBXNativeTarget "NearDrop" */ = {
			isa = XCConfigurationList;
			buildConfigurations = (
				A42EC390825805C572555766 /* Debug */,
				7EBBE04C0C4111FDA48CD811 /* Release */,
			);
			defaultConfigurationIsVisible = 0;
			defaultConfigurationName = Release;
		};
		B2EA91D03AD1C6A649B4E62A /* Build configuration list for PBXProject "NearDrop" */ = {
			isa = XCConfigurationList;
			buildConfigurations = (
				E6178B066263F09B11493064 /* Debug */,
				ABEC029BF262CCD804B9BF2F /* Release */,
			);
			defaultConfigurationIsVisible = 0;
			defaultConfigurationName = Release;
		};
/* End XCConfigurationList section */

/* Begin XCRemoteSwiftPackageReference section */
		0CE631FF24CBDB32D114EA42 /* XCRemoteSwiftPackageReference "swift-protobuf" */ = {
			isa = XCRemoteSwiftPackageReference;
			repositoryURL = "https://github.com/apple/swift-protobuf.git";
			requirement = {
				kind = exactVersion;
				version = 1.21.0;
			};
		};
		13BCD55D678D7C52A493E6A1 /* XCRemoteSwiftPackageReference "SwiftECC" */ = {
			isa = XCRemoteSwiftPackageReference;
			repositoryURL = "https://github.com/leif-ibsen/SwiftECC";
			requirement = {
				kind = exactVersion;
				version = 3.5.3;
			};
		};
/* End XCRemoteSwiftPackageReference section */

/* Begin XCSwiftPackageProductDependency section */
		E1BE062D49EBB6B58F60597B /* SwiftProtobuf */ = {
			isa = XCSwiftPackageProductDependency;
			package = 0CE631FF24CBDB32D114EA42 /* XCRemoteSwiftPackageReference "swift-protobuf" */;
			productName = SwiftProtobuf;
		};
		FBDB9EC5A84F4DE76387B2C9 /* SwiftECC */ = {
			isa = XCSwiftPackageProductDependency;
			package = 13BCD55D678D7C52A493E6A1 /* XCRemoteSwiftPackageReference "SwiftECC" */;
			productName = SwiftECC;
		};
/* End XCSwiftPackageProductDependency section */

	};
	rootObject = 3875FCA3B3A455B74C8BB869 /* Project object */;
}
